# This file is autogenerated, do not edit; changes may be undone by the next 'dep ensure'.


[[projects]]
  name = "github.com/nats-io/go-nats"
  packages = [".","encoders/builtin","util"]
  revision = "29f9728a183bf3fa7e809e14edac00b33be72088"
  version = "v1.3.0"

[[projects]]
  name = "github.com/nats-io/nuid"
  packages = ["."]
  revision = "289cccf02c178dc782430d534e3c1f5b72af807f"
  version = "v1.0.0"

[solve-meta]
  analyzer-name = "dep"
  analyzer-version = 1
  inputs-digest = "c8b3fc4acfa7520293625ce775afeaba9c9415ca412c1be796b972dda42ad64f"
  solver-name = "gps-cdcl"
  solver-version = 1
